// !$*UTF8*$!
{
	archiveVersion = 1;
	classes = {
	};
	objectVersion = 77;
	objects = {

/* Begin PBXBuildFile section */
		A11CE700000000000000000C /* Pose4MeWidget.appex in Embed Foundation Extensions */ = {isa = PBXBuildFile; fileRef = A11CE7000000000000000003 /* Pose4MeWidget.appex */; settings = {ATTRIBUTES = (RemoveHeadersOnCopy, ); }; };
		A11CE700000000000000010C /* Pose4MeWatch.app in Embed Watch Content */ = {isa = PBXBuildFile; fileRef = A11CE7000000000000000103 /* Pose4MeWatch.app */; settings = {ATTRIBUTES = (RemoveHeadersOnCopy, ); }; };
		A11CE700000000000000020C /* Pose4MeWatchWidget.appex in Embed Foundation Extensions */ = {isa = PBXBuildFile; fileRef = A11CE7000000000000000203 /* Pose4MeWatchWidget.appex */; settings = {ATTRIBUTES = (RemoveHeadersOnCopy, ); }; };
/* End PBXBuildFile section */

/* Begin PBXContainerItemProxy section */
		7E57AB1E00000000000000AB /* PBXContainerItemProxy */ = {
			isa = PBXContainerItemProxy;
			containerPortal = 21324636300880E4003B1979 /* Project object */;
			proxyType = 1;
			remoteGlobalIDString = 2132463D300880E4003B1979;
			remoteInfo = "pose-for-me";
		};
		7E57AB1E00000000000000BB /* PBXContainerItemProxy */ = {
			isa = PBXContainerItemProxy;
			containerPortal = 21324636300880E4003B1979 /* Project object */;
			proxyType = 1;
			remoteGlobalIDString = 2132463D300880E4003B1979;
			remoteInfo = "pose-for-me";
		};
		A11CE700000000000000000B /* PBXContainerItemProxy */ = {
			isa = PBXContainerItemProxy;
			containerPortal = 21324636300880E4003B1979 /* Project object */;
			proxyType = 1;
			remoteGlobalIDString = A11CE7000000000000000002;
			remoteInfo = Pose4MeWidget;
		};
		A11CE700000000000000010B /* PBXContainerItemProxy */ = {
			isa = PBXContainerItemProxy;
			containerPortal = 21324636300880E4003B1979 /* Project object */;
			proxyType = 1;
			remoteGlobalIDString = A11CE7000000000000000102;
			remoteInfo = Pose4MeWatch;
		};
		A11CE700000000000000020B /* PBXContainerItemProxy */ = {
			isa = PBXContainerItemProxy;
			containerPortal = 21324636300880E4003B1979 /* Project object */;
			proxyType = 1;
			remoteGlobalIDString = A11CE7000000000000000202;
			remoteInfo = Pose4MeWatchWidget;
		};
/* End PBXContainerItemProxy section */

/* Begin PBXCopyFilesBuildPhase section */
		A11CE700000000000000000D /* Embed Foundation Extensions */ = {
			isa = PBXCopyFilesBuildPhase;
			buildActionMask = 2147483647;
			dstPath = "";
			dstSubfolderSpec = 13;
			files = (
				A11CE700000000000000000C /* Pose4MeWidget.appex in Embed Foundation Extensions */,
			);
			name = "Embed Foundation Extensions";
			runOnlyForDeploymentPostprocessing = 0;
		};
		A11CE700000000000000010D /* Embed Watch Content */ = {
			isa = PBXCopyFilesBuildPhase;
			buildActionMask = 2147483647;
			dstPath = "$(CONTENTS_FOLDER_PATH)/Watch";
			dstSubfolderSpec = 16;
			files = (
				A11CE700000000000000010C /* Pose4MeWatch.app in Embed Watch Content */,
			);
			name = "Embed Watch Content";
			runOnlyForDeploymentPostprocessing = 0;
		};
		A11CE700000000000000020D /* Embed Foundation Extensions */ = {
			isa = PBXCopyFilesBuildPhase;
			buildActionMask = 2147483647;
			dstPath = "";
			dstSubfolderSpec = 13;
			files = (
				A11CE700000000000000020C /* Pose4MeWatchWidget.appex in Embed Foundation Extensions */,
			);
			name = "Embed Foundation Extensions";
			runOnlyForDeploymentPostprocessing = 0;
		};
/* End PBXCopyFilesBuildPhase section */

/* Begin PBXFileReference section */
		2132463E300880E4003B1979 /* pose-for-me.app */ = {isa = PBXFileReference; explicitFileType = wrapper.application; includeInIndex = 0; path = "pose-for-me.app"; sourceTree = BUILT_PRODUCTS_DIR; };
		7E57AB1E00000000000000A3 /* pose-for-meTests.xctest */ = {isa = PBXFileReference; explicitFileType = wrapper.cfbundle; includeInIndex = 0; path = "pose-for-meTests.xctest"; sourceTree = BUILT_PRODUCTS_DIR; };
		7E57AB1E00000000000000B3 /* pose-for-meUITests.xctest */ = {isa = PBXFileReference; explicitFileType = wrapper.cfbundle; includeInIndex = 0; path = "pose-for-meUITests.xctest"; sourceTree = BUILT_PRODUCTS_DIR; };
		A11CE7000000000000000003 /* Pose4MeWidget.appex */ = {isa = PBXFileReference; explicitFileType = "wrapper.app-extension"; includeInIndex = 0; path = Pose4MeWidget.appex; sourceTree = BUILT_PRODUCTS_DIR; };
		A11CE7000000000000000103 /* Pose4MeWatch.app */ = {isa = PBXFileReference; explicitFileType = wrapper.application; includeInIndex = 0; path = Pose4MeWatch.app; sourceTree = BUILT_PRODUCTS_DIR; };
		A11CE7000000000000000203 /* Pose4MeWatchWidget.appex */ = {isa = PBXFileReference; explicitFileType = "wrapper.app-extension"; includeInIndex = 0; path = Pose4MeWatchWidget.appex; sourceTree = BUILT_PRODUCTS_DIR; };
/* End PBXFileReference section */

/* Begin PBXFileSystemSynchronizedBuildFileExceptionSet section */
		A11CE700000000000000000E /* Exceptions for "Pose4MeWidget" folder in "Pose4MeWidget" target */ = {
			isa = PBXFileSystemSynchronizedBuildFileExceptionSet;
			membershipExceptions = (
				Info.plist,
			);
			target = A11CE7000000000000000002 /* Pose4MeWidget */;
		};
		A11CE700000000000000020E /* Exceptions for "Pose4MeWatchWidget" folder in "Pose4MeWatchWidget" target */ = {
			isa = PBXFileSystemSynchronizedBuildFileExceptionSet;
			membershipExceptions = (
				Info.plist,
			);
			target = A11CE7000000000000000202 /* Pose4MeWatchWidget */;
		};
/* End PBXFileSystemSynchronizedBuildFileExceptionSet section */

/* Begin PBXFileSystemSynchronizedRootGroup section */
		21324640300880E4003B1979 /* pose-for-me */ = {
			isa = PBXFileSystemSynchronizedRootGroup;
			path = "pose-for-me";
			sourceTree = "<group>";
		};
		7E57AB1E00000000000000A1 /* pose-for-meTests */ = {
			isa = PBXFileSystemSynchronizedRootGroup;
			path = "pose-for-meTests";
			sourceTree = "<group>";
		};
		7E57AB1E00000000000000B1 /* pose-for-meUITests */ = {
			isa = PBXFileSystemSynchronizedRootGroup;
			path = "pose-for-meUITests";
			sourceTree = "<group>";
		};
		A11CE7000000000000000001 /* Pose4MeWidget */ = {
			isa = PBXFileSystemSynchronizedRootGroup;
			exceptions = (
				A11CE700000000000000000E /* Exceptions for "Pose4MeWidget" folder in "Pose4MeWidget" target */,
			);
			path = Pose4MeWidget;
			sourceTree = "<group>";
		};
		A11CE7000000000000000101 /* Pose4MeWatch */ = {
			isa = PBXFileSystemSynchronizedRootGroup;
			path = Pose4MeWatch;
			sourceTree = "<group>";
		};
		A11CE7000000000000000201 /* Pose4MeWatchWidget */ = {
			isa = PBXFileSystemSynchronizedRootGroup;
			exceptions = (
				A11CE700000000000000020E /* Exceptions for "Pose4MeWatchWidget" folder in "Pose4MeWatchWidget" target */,
			);
			path = Pose4MeWatchWidget;
			sourceTree = "<group>";
		};
/* End PBXFileSystemSynchronizedRootGroup section */

/* Begin PBXFrameworksBuildPhase section */
		2132463B300880E4003B1979 /* Frameworks */ = {
			isa = PBXFrameworksBuildPhase;
			buildActionMask = 2147483647;
			files = (
			);
			runOnlyForDeploymentPostprocessing = 0;
		};
		7E57AB1E00000000000000A5 /* Frameworks */ = {
			isa = PBXFrameworksBuildPhase;
			buildActionMask = 2147483647;
			files = (
			);
			runOnlyForDeploymentPostprocessing = 0;
		};
		7E57AB1E00000000000000B5 /* Frameworks */ = {
			isa = PBXFrameworksBuildPhase;
			buildActionMask = 2147483647;
			files = (
			);
			runOnlyForDeploymentPostprocessing = 0;
		};
		A11CE7000000000000000005 /* Frameworks */ = {
			isa = PBXFrameworksBuildPhase;
			buildActionMask = 2147483647;
			files = (
			);
			runOnlyForDeploymentPostprocessing = 0;
		};
		A11CE7000000000000000105 /* Frameworks */ = {
			isa = PBXFrameworksBuildPhase;
			buildActionMask = 2147483647;
			files = (
			);
			runOnlyForDeploymentPostprocessing = 0;
		};
		A11CE7000000000000000205 /* Frameworks */ = {
			isa = PBXFrameworksBuildPhase;
			buildActionMask = 2147483647;
			files = (
			);
			runOnlyForDeploymentPostprocessing = 0;
		};
/* End PBXFrameworksBuildPhase section */

/* Begin PBXGroup section */
		21324635300880E4003B1979 = {
			isa = PBXGroup;
			children = (
				21324640300880E4003B1979 /* pose-for-me */,
				7E57AB1E00000000000000A1 /* pose-for-meTests */,
				7E57AB1E00000000000000B1 /* pose-for-meUITests */,
				A11CE7000000000000000001 /* Pose4MeWidget */,
				A11CE7000000000000000101 /* Pose4MeWatch */,
				A11CE7000000000000000201 /* Pose4MeWatchWidget */,
				2132463F300880E4003B1979 /* Products */,
			);
			sourceTree = "<group>";
		};
		2132463F300880E4003B1979 /* Products */ = {
			isa = PBXGroup;
			children = (
				2132463E300880E4003B1979 /* pose-for-me.app */,
				7E57AB1E00000000000000A3 /* pose-for-meTests.xctest */,
				7E57AB1E00000000000000B3 /* pose-for-meUITests.xctest */,
				A11CE7000000000000000003 /* Pose4MeWidget.appex */,
				A11CE7000000000000000103 /* Pose4MeWatch.app */,
				A11CE7000000000000000203 /* Pose4MeWatchWidget.appex */,
			);
			name = Products;
			sourceTree = "<group>";
		};
/* End PBXGroup section */

/* Begin PBXNativeTarget section */
		2132463D300880E4003B1979 /* pose-for-me */ = {
			isa = PBXNativeTarget;
			buildConfigurationList = 21324649300880E6003B1979 /* Build configuration list for PBXNativeTarget "pose-for-me" */;
			buildPhases = (
				2132463A300880E4003B1979 /* Sources */,
				2132463B300880E4003B1979 /* Frameworks */,
				2132463C300880E4003B1979 /* Resources */,
				A11CE700000000000000000D /* Embed Foundation Extensions */,
				A11CE700000000000000010D /* Embed Watch Content */,
			);
			buildRules = (
			);
			dependencies = (
				A11CE700000000000000000A /* PBXTargetDependency */,
				A11CE700000000000000010A /* PBXTargetDependency */,
			);
			fileSystemSynchronizedGroups = (
				21324640300880E4003B1979 /* pose-for-me */,
			);
			name = "pose-for-me";
			packageProductDependencies = (
			);
			productName = "pose-for-me";
			productReference = 2132463E300880E4003B1979 /* pose-for-me.app */;
			productType = "com.apple.product-type.application";
		};
		7E57AB1E00000000000000A2 /* pose-for-meTests */ = {
			isa = PBXNativeTarget;
			buildConfigurationList = 7E57AB1E00000000000000A7 /* Build configuration list for PBXNativeTarget "pose-for-meTests" */;
			buildPhases = (
				7E57AB1E00000000000000A4 /* Sources */,
				7E57AB1E00000000000000A5 /* Frameworks */,
				7E57AB1E00000000000000A6 /* Resources */,
			);
			buildRules = (
			);
			dependencies = (
				7E57AB1E00000000000000AA /* PBXTargetDependency */,
			);
			fileSystemSynchronizedGroups = (
				7E57AB1E00000000000000A1 /* pose-for-meTests */,
			);
			name = "pose-for-meTests";
			packageProductDependencies = (
			);
			productName = "pose-for-meTests";
			productReference = 7E57AB1E00000000000000A3 /* pose-for-meTests.xctest */;
			productType = "com.apple.product-type.bundle.unit-test";
		};
		7E57AB1E00000000000000B2 /* pose-for-meUITests */ = {
			isa = PBXNativeTarget;
			buildConfigurationList = 7E57AB1E00000000000000B7 /* Build configuration list for PBXNativeTarget "pose-for-meUITests" */;
			buildPhases = (
				7E57AB1E00000000000000B4 /* Sources */,
				7E57AB1E00000000000000B5 /* Frameworks */,
				7E57AB1E00000000000000B6 /* Resources */,
			);
			buildRules = (
			);
			dependencies = (
				7E57AB1E00000000000000BA /* PBXTargetDependency */,
			);
			fileSystemSynchronizedGroups = (
				7E57AB1E00000000000000B1 /* pose-for-meUITests */,
			);
			name = "pose-for-meUITests";
			packageProductDependencies = (
			);
			productName = "pose-for-meUITests";
			productReference = 7E57AB1E00000000000000B3 /* pose-for-meUITests.xctest */;
			productType = "com.apple.product-type.bundle.ui-testing";
		};
		A11CE7000000000000000002 /* Pose4MeWidget */ = {
			isa = PBXNativeTarget;
			buildConfigurationList = A11CE7000000000000000007 /* Build configuration list for PBXNativeTarget "Pose4MeWidget" */;
			buildPhases = (
				A11CE7000000000000000004 /* Sources */,
				A11CE7000000000000000005 /* Frameworks */,
				A11CE7000000000000000006 /* Resources */,
			);
			buildRules = (
			);
			dependencies = (
			);
			fileSystemSynchronizedGroups = (
				A11CE7000000000000000001 /* Pose4MeWidget */,
			);
			name = Pose4MeWidget;
			packageProductDependencies = (
			);
			productName = Pose4MeWidget;
			productReference = A11CE7000000000000000003 /* Pose4MeWidget.appex */;
			productType = "com.apple.product-type.app-extension";
		};
		A11CE7000000000000000102 /* Pose4MeWatch */ = {
			isa = PBXNativeTarget;
			buildConfigurationList = A11CE7000000000000000107 /* Build configuration list for PBXNativeTarget "Pose4MeWatch" */;
			buildPhases = (
				A11CE7000000000000000104 /* Sources */,
				A11CE7000000000000000105 /* Frameworks */,
				A11CE7000000000000000106 /* Resources */,
				A11CE700000000000000020D /* Embed Foundation Extensions */,
			);
			buildRules = (
			);
			dependencies = (
				A11CE700000000000000020A /* PBXTargetDependency */,
			);
			fileSystemSynchronizedGroups = (
				A11CE7000000000000000101 /* Pose4MeWatch */,
			);
			name = Pose4MeWatch;
			packageProductDependencies = (
			);
			productName = Pose4MeWatch;
			productReference = A11CE7000000000000000103 /* Pose4MeWatch.app */;
			productType = "com.apple.product-type.application";
		};
		A11CE7000000000000000202 /* Pose4MeWatchWidget */ = {
			isa = PBXNativeTarget;
			buildConfigurationList = A11CE7000000000000000207 /* Build configuration list for PBXNativeTarget "Pose4MeWatchWidget" */;
			buildPhases = (
				A11CE7000000000000000204 /* Sources */,
				A11CE7000000000000000205 /* Frameworks */,
				A11CE7000000000000000206 /* Resources */,
			);
			buildRules = (
			);
			dependencies = (
			);
			fileSystemSynchronizedGroups = (
				A11CE7000000000000000201 /* Pose4MeWatchWidget */,
			);
			name = Pose4MeWatchWidget;
			packageProductDependencies = (
			);
			productName = Pose4MeWatchWidget;
			productReference = A11CE7000000000000000203 /* Pose4MeWatchWidget.appex */;
			productType = "com.apple.product-type.app-extension";
		};
/* End PBXNativeTarget section */

/* Begin PBXProject section */
		21324636300880E4003B1979 /* Project object */ = {
			isa = PBXProject;
			attributes = {
				BuildIndependentTargetsInParallel = 1;
				LastSwiftUpdateCheck = 2620;
				LastUpgradeCheck = 2620;
				TargetAttributes = {
					2132463D300880E4003B1979 = {
						CreatedOnToolsVersion = 26.2;
					};
					7E57AB1E00000000000000A2 = {
						CreatedOnToolsVersion = 26.2;
						TestTargetID = 2132463D300880E4003B1979;
					};
					7E57AB1E00000000000000B2 = {
						CreatedOnToolsVersion = 26.2;
						TestTargetID = 2132463D300880E4003B1979;
					};
					A11CE7000000000000000002 = {
						CreatedOnToolsVersion = 26.2;
					};
					A11CE7000000000000000102 = {
						CreatedOnToolsVersion = 26.2;
					};
					A11CE7000000000000000202 = {
						CreatedOnToolsVersion = 26.2;
					};
				};
			};
			buildConfigurationList = 21324639300880E4003B1979 /* Build configuration list for PBXProject "pose-for-me" */;
			developmentRegion = en;
			hasScannedForEncodings = 0;
			knownRegions = (
				en,
				Base,
			);
			mainGroup = 21324635300880E4003B1979;
			minimizedProjectReferenceProxies = 1;
			preferredProjectObjectVersion = 77;
			productRefGroup = 2132463F300880E4003B1979 /* Products */;
			projectDirPath = "";
			projectRoot = "";
			targets = (
				2132463D300880E4003B1979 /* pose-for-me */,
				7E57AB1E00000000000000A2 /* pose-for-meTests */,
				7E57AB1E00000000000000B2 /* pose-for-meUITests */,
				A11CE7000000000000000002 /* Pose4MeWidget */,
				A11CE7000000000000000102 /* Pose4MeWatch */,
				A11CE7000000000000000202 /* Pose4MeWatchWidget */,
			);
		};
/* End PBXProject section */

/* Begin PBXResourcesBuildPhase section */
		2132463C300880E4003B1979 /* Resources */ = {
			isa = PBXResourcesBuildPhase;
			buildActionMask = 2147483647;
			files = (
			);
			runOnlyForDeploymentPostprocessing = 0;
		};
		7E57AB1E00000000000000A6 /* Resources */ = {
			isa = PBXResourcesBuildPhase;
			buildActionMask = 2147483647;
			files = (
			);
			runOnlyForDeploymentPostprocessing = 0;
		};
		7E57AB1E00000000000000B6 /* Resources */ = {
			isa = PBXResourcesBuildPhase;
			buildActionMask = 2147483647;
			files = (
			);
			runOnlyForDeploymentPostprocessing = 0;
		};
		A11CE7000000000000000006 /* Resources */ = {
			isa = PBXResourcesBuildPhase;
			buildActionMask = 2147483647;
			files = (
			);
			runOnlyForDeploymentPostprocessing = 0;
		};
		A11CE7000000000000000106 /* Resources */ = {
			isa = PBXResourcesBuildPhase;
			buildActionMask = 2147483647;
			files = (
			);
			runOnlyForDeploymentPostprocessing = 0;
		};
		A11CE7000000000000000206 /* Resources */ = {
			isa = PBXResourcesBuildPhase;
			buildActionMask = 2147483647;
			files = (
			);
			runOnlyForDeploymentPostprocessing = 0;
		};
/* End PBXResourcesBuildPhase section */

/* Begin PBXSourcesBuildPhase section */
		2132463A300880E4003B1979 /* Sources */ = {
			isa = PBXSourcesBuildPhase;
			buildActionMask = 2147483647;
			files = (
			);
			runOnlyForDeploymentPostprocessing = 0;
		};
		7E57AB1E00000000000000A4 /* Sources */ = {
			isa = PBXSourcesBuildPhase;
			buildActionMask = 2147483647;
			files = (
			);
			runOnlyForDeploymentPostprocessing = 0;
		};
		7E57AB1E00000000000000B4 /* Sources */ = {
			isa = PBXSourcesBuildPhase;
			buildActionMask = 2147483647;
			files = (
			);
			runOnlyForDeploymentPostprocessing = 0;
		};
		A11CE7000000000000000004 /* Sources */ = {
			isa = PBXSourcesBuildPhase;
			buildActionMask = 2147483647;
			files = (
			);
			runOnlyForDeploymentPostprocessing = 0;
		};
		A11CE7000000000000000104 /* Sources */ = {
			isa = PBXSourcesBuildPhase;
			buildActionMask = 2147483647;
			files = (
			);
			runOnlyForDeploymentPostprocessing = 0;
		};
		A11CE7000000000000000204 /* Sources */ = {
			isa = PBXSourcesBuildPhase;
			buildActionMask = 2147483647;
			files = (
			);
			runOnlyForDeploymentPostprocessing = 0;
		};
/* End PBXSourcesBuildPhase section */

/* Begin PBXTargetDependency section */
		7E57AB1E00000000000000AA /* PBXTargetDependency */ = {
			isa = PBXTargetDependency;
			target = 2132463D300880E4003B1979 /* pose-for-me */;
			targetProxy = 7E57AB1E00000000000000AB /* PBXContainerItemProxy */;
		};
		7E57AB1E00000000000000BA /* PBXTargetDependency */ = {
			isa = PBXTargetDependency;
			target = 2132463D300880E4003B1979 /* pose-for-me */;
			targetProxy = 7E57AB1E00000000000000BB /* PBXContainerItemProxy */;
		};
		A11CE700000000000000000A /* PBXTargetDependency */ = {
			isa = PBXTargetDependency;
			target = A11CE7000000000000000002 /* Pose4MeWidget */;
			targetProxy = A11CE700000000000000000B /* PBXContainerItemProxy */;
		};
		A11CE700000000000000010A /* PBXTargetDependency */ = {
			isa = PBXTargetDependency;
			target = A11CE7000000000000000102 /* Pose4MeWatch */;
			targetProxy = A11CE700000000000000010B /* PBXContainerItemProxy */;
		};
		A11CE700000000000000020A /* PBXTargetDependency */ = {
			isa = PBXTargetDependency;
			target = A11CE7000000000000000202 /* Pose4MeWatchWidget */;
			targetProxy = A11CE700000000000000020B /* PBXContainerItemProxy */;
		};
/* End PBXTargetDependency section */

/* Begin XCBuildConfiguration section */
		21324647300880E6003B1979 /* Debug */ = {
			isa = XCBuildConfiguration;
			buildSettings = {
				ALWAYS_SEARCH_USER_PATHS = NO;
				ASSETCATALOG_COMPILER_GENERATE_SWIFT_ASSET_SYMBOL_EXTENSIONS = YES;
				CLANG_ANALYZER_NONNULL = YES;
				CLANG_ANALYZER_NUMBER_OBJECT_CONVERSION = YES_AGGRESSIVE;
				CLANG_CXX_LANGUAGE_STANDARD = "gnu++20";
				CLANG_ENABLE_MODULES = YES;
				CLANG_ENABLE_OBJC_ARC = YES;
				CLANG_ENABLE_OBJC_WEAK = YES;
				CLANG_WARN_BLOCK_CAPTURE_AUTORELEASING = YES;
				CLANG_WARN_BOOL_CONVERSION = YES;
				CLANG_WARN_COMMA = YES;
				CLANG_WARN_CONSTANT_CONVERSION = YES;
				CLANG_WARN_DEPRECATED_OBJC_IMPLEMENTATIONS = YES;
				CLANG_WARN_DIRECT_OBJC_ISA_USAGE = YES_ERROR;
				CLANG_WARN_DOCUMENTATION_COMMENTS = YES;
				CLANG_WARN_EMPTY_BODY = YES;
				CLANG_WARN_ENUM_CONVERSION = YES;
				CLANG_WARN_INFINITE_RECURSION = YES;
				CLANG_WARN_INT_CONVERSION = YES;
				CLANG_WARN_NON_LITERAL_NULL_CONVERSION = YES;
				CLANG_WARN_OBJC_IMPLICIT_RETAIN_SELF = YES;
				CLANG_WARN_OBJC_LITERAL_CONVERSION = YES;
				CLANG_WARN_OBJC_ROOT_CLASS = YES_ERROR;
				CLANG_WARN_QUOTED_INCLUDE_IN_FRAMEWORK_HEADER = YES;
				CLANG_WARN_RANGE_LOOP_ANALYSIS = YES;
				CLANG_WARN_STRICT_PROTOTYPES = YES;
				CLANG_WARN_SUSPICIOUS_MOVE = YES;
				CLANG_WARN_UNGUARDED_AVAILABILITY = YES_AGGRESSIVE;
				CLANG_WARN_UNREACHABLE_CODE = YES;
				CLANG_WARN__DUPLICATE_METHOD_MATCH = YES;
				COPY_PHASE_STRIP = NO;
				DEBUG_INFORMATION_FORMAT = dwarf;
				DEVELOPMENT_TEAM = V9RLAJRWS8;
				ENABLE_STRICT_OBJC_MSGSEND = YES;
				ENABLE_TESTABILITY = YES;
				ENABLE_USER_SCRIPT_SANDBOXING = YES;
				GCC_C_LANGUAGE_STANDARD = gnu17;
				GCC_DYNAMIC_NO_PIC = NO;
				GCC_NO_COMMON_BLOCKS = YES;
				GCC_OPTIMIZATION_LEVEL = 0;
				GCC_PREPROCESSOR_DEFINITIONS = (
					"DEBUG=1",
					"$(inherited)",
				);
				GCC_WARN_64_TO_32_BIT_CONVERSION = YES;
				GCC_WARN_ABOUT_RETURN_TYPE = YES_ERROR;
				GCC_WARN_UNDECLARED_SELECTOR = YES;
				GCC_WARN_UNINITIALIZED_AUTOS = YES_AGGRESSIVE;
				GCC_WARN_UNUSED_FUNCTION = YES;
				GCC_WARN_UNUSED_VARIABLE = YES;
				IPHONEOS_DEPLOYMENT_TARGET = 26.2;
				LOCALIZATION_PREFERS_STRING_CATALOGS = YES;
				MTL_ENABLE_DEBUG_INFO = INCLUDE_SOURCE;
				MTL_FAST_MATH = YES;
				ONLY_ACTIVE_ARCH = YES;
				SDKROOT = iphoneos;
				SWIFT_ACTIVE_COMPILATION_CONDITIONS = "DEBUG $(inherited)";
				SWIFT_OPTIMIZATION_LEVEL = "-Onone";
			};
			name = Debug;
		};
		21324648300880E6003B1979 /* Release */ = {
			isa = XCBuildConfiguration;
			buildSettings = {
				ALWAYS_SEARCH_USER_PATHS = NO;
				ASSETCATALOG_COMPILER_GENERATE_SWIFT_ASSET_SYMBOL_EXTENSIONS = YES;
				CLANG_ANALYZER_NONNULL = YES;
				CLANG_ANALYZER_NUMBER_OBJECT_CONVERSION = YES_AGGRESSIVE;
				CLANG_CXX_LANGUAGE_STANDARD = "gnu++20";
				CLANG_ENABLE_MODULES = YES;
				CLANG_ENABLE_OBJC_ARC = YES;
				CLANG_ENABLE_OBJC_WEAK = YES;
				CLANG_WARN_BLOCK_CAPTURE_AUTORELEASING = YES;
				CLANG_WARN_BOOL_CONVERSION = YES;
				CLANG_WARN_COMMA = YES;
				CLANG_WARN_CONSTANT_CONVERSION = YES;
				CLANG_WARN_DEPRECATED_OBJC_IMPLEMENTATIONS = YES;
				CLANG_WARN_DIRECT_OBJC_ISA_USAGE = YES_ERROR;
				CLANG_WARN_DOCUMENTATION_COMMENTS = YES;
				CLANG_WARN_EMPTY_BODY = YES;
				CLANG_WARN_ENUM_CONVERSION = YES;
				CLANG_WARN_INFINITE_RECURSION = YES;
				CLANG_WARN_INT_CONVERSION = YES;
				CLANG_WARN_NON_LITERAL_NULL_CONVERSION = YES;
				CLANG_WARN_OBJC_IMPLICIT_RETAIN_SELF = YES;
				CLANG_WARN_OBJC_LITERAL_CONVERSION = YES;
				CLANG_WARN_OBJC_ROOT_CLASS = YES_ERROR;
				CLANG_WARN_QUOTED_INCLUDE_IN_FRAMEWORK_HEADER = YES;
				CLANG_WARN_RANGE_LOOP_ANALYSIS = YES;
				CLANG_WARN_STRICT_PROTOTYPES = YES;
				CLANG_WARN_SUSPICIOUS_MOVE = YES;
				CLANG_WARN_UNGUARDED_AVAILABILITY = YES_AGGRESSIVE;
				CLANG_WARN_UNREACHABLE_CODE = YES;
				CLANG_WARN__DUPLICATE_METHOD_MATCH = YES;
				COPY_PHASE_STRIP = NO;
				DEBUG_INFORMATION_FORMAT = "dwarf-with-dsym";
				DEVELOPMENT_TEAM = V9RLAJRWS8;
				ENABLE_NS_ASSERTIONS = NO;
				ENABLE_STRICT_OBJC_MSGSEND = YES;
				ENABLE_USER_SCRIPT_SANDBOXING = YES;
				GCC_C_LANGUAGE_STANDARD = gnu17;
				GCC_NO_COMMON_BLOCKS = YES;
				GCC_WARN_64_TO_32_BIT_CONVERSION = YES;
				GCC_WARN_ABOUT_RETURN_TYPE = YES_ERROR;
				GCC_WARN_UNDECLARED_SELECTOR = YES;
				GCC_WARN_UNINITIALIZED_AUTOS = YES_AGGRESSIVE;
				GCC_WARN_UNUSED_FUNCTION = YES;
				GCC_WARN_UNUSED_VARIABLE = YES;
				IPHONEOS_DEPLOYMENT_TARGET = 26.2;
				LOCALIZATION_PREFERS_STRING_CATALOGS = YES;
				MTL_ENABLE_DEBUG_INFO = NO;
				MTL_FAST_MATH = YES;
				SDKROOT = iphoneos;
				SWIFT_COMPILATION_MODE = wholemodule;
				VALIDATE_PRODUCT = YES;
			};
			name = Release;
		};
		2132464A300880E6003B1979 /* Debug */ = {
			isa = XCBuildConfiguration;
			buildSettings = {
				ASSETCATALOG_COMPILER_APPICON_NAME = AppIcon;
				ASSETCATALOG_COMPILER_GLOBAL_ACCENT_COLOR_NAME = AccentColor;
				CODE_SIGN_ENTITLEMENTS = "pose-for-me/pose_for_me.entitlements";
				CODE_SIGN_STYLE = Automatic;
				CURRENT_PROJECT_VERSION = 1;
				DEVELOPMENT_TEAM = V9RLAJRWS8;
				ENABLE_PREVIEWS = YES;
				GENERATE_INFOPLIST_FILE = YES;
				INFOPLIST_KEY_CFBundleDisplayName = Pose4Me;
				INFOPLIST_KEY_NSCameraUsageDescription = "Pose4Me uses the front camera to track your stretch poses on-device. No video ever leaves your phone.";
				INFOPLIST_KEY_ITSAppUsesNonExemptEncryption = NO;
				INFOPLIST_KEY_UIApplicationSceneManifest_Generation = YES;
				INFOPLIST_KEY_UIApplicationSupportsIndirectInputEvents = YES;
				INFOPLIST_KEY_UILaunchScreen_Generation = YES;
				INFOPLIST_KEY_UISupportedInterfaceOrientations_iPad = "UIInterfaceOrientationPortrait UIInterfaceOrientationPortraitUpsideDown UIInterfaceOrientationLandscapeLeft UIInterfaceOrientationLandscapeRight";
				INFOPLIST_KEY_UISupportedInterfaceOrientations_iPhone = "UIInterfaceOrientationPortrait UIInterfaceOrientationLandscapeLeft UIInterfaceOrientationLandscapeRight";
				LD_RUNPATH_SEARCH_PATHS = (
					"$(inherited)",
					"@executable_path/Frameworks",
				);
				MARKETING_VERSION = 1.0;
				PRODUCT_BUNDLE_IDENTIFIER = "com.browncode.pose4me";
				PRODUCT_NAME = "$(TARGET_NAME)";
				STRING_CATALOG_GENERATE_SYMBOLS = YES;
				SWIFT_APPROACHABLE_CONCURRENCY = YES;
				SWIFT_DEFAULT_ACTOR_ISOLATION = MainActor;
				SWIFT_EMIT_LOC_STRINGS = YES;
				SWIFT_UPCOMING_FEATURE_MEMBER_IMPORT_VISIBILITY = YES;
				SWIFT_VERSION = 5.0;
				TARGETED_DEVICE_FAMILY = 1;
			};
			name = Debug;
		};
		2132464B300880E6003B1979 /* Release */ = {
			isa = XCBuildConfiguration;
			buildSettings = {
				ASSETCATALOG_COMPILER_APPICON_NAME = AppIcon;
				ASSETCATALOG_COMPILER_GLOBAL_ACCENT_COLOR_NAME = AccentColor;
				CODE_SIGN_ENTITLEMENTS = "pose-for-me/pose_for_me.entitlements";
				CODE_SIGN_STYLE = Automatic;
				CURRENT_PROJECT_VERSION = 1;
				DEVELOPMENT_TEAM = V9RLAJRWS8;
				ENABLE_PREVIEWS = YES;
				GENERATE_INFOPLIST_FILE = YES;
				INFOPLIST_KEY_CFBundleDisplayName = Pose4Me;
				INFOPLIST_KEY_NSCameraUsageDescription = "Pose4Me uses the front camera to track your stretch poses on-device. No video ever leaves your phone.";
				INFOPLIST_KEY_ITSAppUsesNonExemptEncryption = NO;
				INFOPLIST_KEY_UIApplicationSceneManifest_Generation = YES;
				INFOPLIST_KEY_UIApplicationSupportsIndirectInputEvents = YES;
				INFOPLIST_KEY_UILaunchScreen_Generation = YES;
				INFOPLIST_KEY_UISupportedInterfaceOrientations_iPad = "UIInterfaceOrientationPortrait UIInterfaceOrientationPortraitUpsideDown UIInterfaceOrientationLandscapeLeft UIInterfaceOrientationLandscapeRight";
				INFOPLIST_KEY_UISupportedInterfaceOrientations_iPhone = "UIInterfaceOrientationPortrait UIInterfaceOrientationLandscapeLeft UIInterfaceOrientationLandscapeRight";
				LD_RUNPATH_SEARCH_PATHS = (
					"$(inherited)",
					"@executable_path/Frameworks",
				);
				MARKETING_VERSION = 1.0;
				PRODUCT_BUNDLE_IDENTIFIER = "com.browncode.pose4me";
				PRODUCT_NAME = "$(TARGET_NAME)";
				STRING_CATALOG_GENERATE_SYMBOLS = YES;
				SWIFT_APPROACHABLE_CONCURRENCY = YES;
				SWIFT_DEFAULT_ACTOR_ISOLATION = MainActor;
				SWIFT_EMIT_LOC_STRINGS = YES;
				SWIFT_UPCOMING_FEATURE_MEMBER_IMPORT_VISIBILITY = YES;
				SWIFT_VERSION = 5.0;
				TARGETED_DEVICE_FAMILY = 1;
			};
			name = Release;
		};
		7E57AB1E00000000000000A8 /* Debug */ = {
			isa = XCBuildConfiguration;
			buildSettings = {
				BUNDLE_LOADER = "$(TEST_HOST)";
				CODE_SIGN_STYLE = Automatic;
				CURRENT_PROJECT_VERSION = 1;
				DEVELOPMENT_TEAM = V9RLAJRWS8;
				GENERATE_INFOPLIST_FILE = YES;
				IPHONEOS_DEPLOYMENT_TARGET = 26.2;
				MARKETING_VERSION = 1.0;
				PRODUCT_BUNDLE_IDENTIFIER = "com.browncode.pose4me.tests";
				PRODUCT_NAME = "$(TARGET_NAME)";
				SWIFT_APPROACHABLE_CONCURRENCY = YES;
				SWIFT_DEFAULT_ACTOR_ISOLATION = MainActor;
				SWIFT_EMIT_LOC_STRINGS = NO;
				SWIFT_UPCOMING_FEATURE_MEMBER_IMPORT_VISIBILITY = YES;
				SWIFT_VERSION = 5.0;
				TARGETED_DEVICE_FAMILY = 1;
				TEST_HOST = "$(BUILT_PRODUCTS_DIR)/pose-for-me.app/$(BUNDLE_EXECUTABLE_FOLDER_PATH)/pose-for-me";
			};
			name = Debug;
		};
		7E57AB1E00000000000000A9 /* Release */ = {
			isa = XCBuildConfiguration;
			buildSettings = {
				BUNDLE_LOADER = "$(TEST_HOST)";
				CODE_SIGN_STYLE = Automatic;
				CURRENT_PROJECT_VERSION = 1;
				DEVELOPMENT_TEAM = V9RLAJRWS8;
				GENERATE_INFOPLIST_FILE = YES;
				IPHONEOS_DEPLOYMENT_TARGET = 26.2;
				MARKETING_VERSION = 1.0;
				PRODUCT_BUNDLE_IDENTIFIER = "com.browncode.pose4me.tests";
				PRODUCT_NAME = "$(TARGET_NAME)";
				SWIFT_APPROACHABLE_CONCURRENCY = YES;
				SWIFT_DEFAULT_ACTOR_ISOLATION = MainActor;
				SWIFT_EMIT_LOC_STRINGS = NO;
				SWIFT_UPCOMING_FEATURE_MEMBER_IMPORT_VISIBILITY = YES;
				SWIFT_VERSION = 5.0;
				TARGETED_DEVICE_FAMILY = 1;
				TEST_HOST = "$(BUILT_PRODUCTS_DIR)/pose-for-me.app/$(BUNDLE_EXECUTABLE_FOLDER_PATH)/pose-for-me";
			};
			name = Release;
		};
		7E57AB1E00000000000000B8 /* Debug */ = {
			isa = XCBuildConfiguration;
			buildSettings = {
				CODE_SIGN_STYLE = Automatic;
				CURRENT_PROJECT_VERSION = 1;
				DEVELOPMENT_TEAM = V9RLAJRWS8;
				GENERATE_INFOPLIST_FILE = YES;
				IPHONEOS_DEPLOYMENT_TARGET = 26.2;
				MARKETING_VERSION = 1.0;
				PRODUCT_BUNDLE_IDENTIFIER = "com.browncode.pose4me.uitests";
				PRODUCT_NAME = "$(TARGET_NAME)";
				SWIFT_APPROACHABLE_CONCURRENCY = YES;
				SWIFT_DEFAULT_ACTOR_ISOLATION = MainActor;
				SWIFT_EMIT_LOC_STRINGS = NO;
				SWIFT_UPCOMING_FEATURE_MEMBER_IMPORT_VISIBILITY = YES;
				SWIFT_VERSION = 5.0;
				TARGETED_DEVICE_FAMILY = 1;
				TEST_TARGET_NAME = "pose-for-me";
			};
			name = Debug;
		};
		7E57AB1E00000000000000B9 /* Release */ = {
			isa = XCBuildConfiguration;
			buildSettings = {
				CODE_SIGN_STYLE = Automatic;
				CURRENT_PROJECT_VERSION = 1;
				DEVELOPMENT_TEAM = V9RLAJRWS8;
				GENERATE_INFOPLIST_FILE = YES;
				IPHONEOS_DEPLOYMENT_TARGET = 26.2;
				MARKETING_VERSION = 1.0;
				PRODUCT_BUNDLE_IDENTIFIER = "com.browncode.pose4me.uitests";
				PRODUCT_NAME = "$(TARGET_NAME)";
				SWIFT_APPROACHABLE_CONCURRENCY = YES;
				SWIFT_DEFAULT_ACTOR_ISOLATION = MainActor;
				SWIFT_EMIT_LOC_STRINGS = NO;
				SWIFT_UPCOMING_FEATURE_MEMBER_IMPORT_VISIBILITY = YES;
				SWIFT_VERSION = 5.0;
				TARGETED_DEVICE_FAMILY = 1;
				TEST_TARGET_NAME = "pose-for-me";
			};
			name = Release;
		};
		A11CE7000000000000000008 /* Debug */ = {
			isa = XCBuildConfiguration;
			buildSettings = {
				CODE_SIGN_ENTITLEMENTS = Pose4MeWidget/Pose4MeWidget.entitlements;
				CODE_SIGN_STYLE = Automatic;
				CURRENT_PROJECT_VERSION = 1;
				DEVELOPMENT_TEAM = V9RLAJRWS8;
				GENERATE_INFOPLIST_FILE = YES;
				INFOPLIST_FILE = Pose4MeWidget/Info.plist;
				INFOPLIST_KEY_CFBundleDisplayName = Pose4Me;
				IPHONEOS_DEPLOYMENT_TARGET = 26.2;
				LD_RUNPATH_SEARCH_PATHS = (
					"$(inherited)",
					"@executable_path/Frameworks",
					"@executable_path/../../Frameworks",
				);
				MARKETING_VERSION = 1.0;
				PRODUCT_BUNDLE_IDENTIFIER = "com.browncode.pose4me.widget";
				PRODUCT_NAME = "$(TARGET_NAME)";
				SKIP_INSTALL = YES;
				SWIFT_APPROACHABLE_CONCURRENCY = YES;
				SWIFT_DEFAULT_ACTOR_ISOLATION = MainActor;
				SWIFT_EMIT_LOC_STRINGS = YES;
				SWIFT_VERSION = 5.0;
				TARGETED_DEVICE_FAMILY = 1;
			};
			name = Debug;
		};
		A11CE7000000000000000009 /* Release */ = {
			isa = XCBuildConfiguration;
			buildSettings = {
				CODE_SIGN_ENTITLEMENTS = Pose4MeWidget/Pose4MeWidget.entitlements;
				CODE_SIGN_STYLE = Automatic;
				CURRENT_PROJECT_VERSION = 1;
				DEVELOPMENT_TEAM = V9RLAJRWS8;
				GENERATE_INFOPLIST_FILE = YES;
				INFOPLIST_FILE = Pose4MeWidget/Info.plist;
				INFOPLIST_KEY_CFBundleDisplayName = Pose4Me;
				IPHONEOS_DEPLOYMENT_TARGET = 26.2;
				LD_RUNPATH_SEARCH_PATHS = (
					"$(inherited)",
					"@executable_path/Frameworks",
					"@executable_path/../../Frameworks",
				);
				MARKETING_VERSION = 1.0;
				PRODUCT_BUNDLE_IDENTIFIER = "com.browncode.pose4me.widget";
				PRODUCT_NAME = "$(TARGET_NAME)";
				SKIP_INSTALL = YES;
				SWIFT_APPROACHABLE_CONCURRENCY = YES;
				SWIFT_DEFAULT_ACTOR_ISOLATION = MainActor;
				SWIFT_EMIT_LOC_STRINGS = YES;
				SWIFT_VERSION = 5.0;
				TARGETED_DEVICE_FAMILY = 1;
			};
			name = Release;
		};
		A11CE7000000000000000108 /* Debug */ = {
			isa = XCBuildConfiguration;
			buildSettings = {
				CODE_SIGN_ENTITLEMENTS = Pose4MeWatch/Pose4MeWatch.entitlements;
				CODE_SIGN_STYLE = Automatic;
				CURRENT_PROJECT_VERSION = 1;
				DEVELOPMENT_TEAM = V9RLAJRWS8;
				ENABLE_PREVIEWS = YES;
				GENERATE_INFOPLIST_FILE = YES;
				INFOPLIST_KEY_CFBundleDisplayName = Pose4Me;
				INFOPLIST_KEY_UISupportedInterfaceOrientations = "UIInterfaceOrientationPortrait UIInterfaceOrientationPortraitUpsideDown";
				INFOPLIST_KEY_WKApplication = YES;
				ASSETCATALOG_COMPILER_APPICON_NAME = AppIcon;
				INFOPLIST_KEY_WKCompanionAppBundleIdentifier = "com.browncode.pose4me";
				MARKETING_VERSION = 1.0;
				PRODUCT_BUNDLE_IDENTIFIER = "com.browncode.pose4me.watchkitapp";
				PRODUCT_NAME = Pose4MeWatch;
				SDKROOT = watchos;
				SKIP_INSTALL = YES;
				SWIFT_APPROACHABLE_CONCURRENCY = YES;
				SWIFT_DEFAULT_ACTOR_ISOLATION = MainActor;
				SWIFT_EMIT_LOC_STRINGS = YES;
				SWIFT_VERSION = 5.0;
				TARGETED_DEVICE_FAMILY = 4;
				WATCHOS_DEPLOYMENT_TARGET = 26.2;
			};
			name = Debug;
		};
		A11CE7000000000000000109 /* Release */ = {
			isa = XCBuildConfiguration;
			buildSettings = {
				CODE_SIGN_ENTITLEMENTS = Pose4MeWatch/Pose4MeWatch.entitlements;
				CODE_SIGN_STYLE = Automatic;
				CURRENT_PROJECT_VERSION = 1;
				DEVELOPMENT_TEAM = V9RLAJRWS8;
				ENABLE_PREVIEWS = YES;
				GENERATE_INFOPLIST_FILE = YES;
				INFOPLIST_KEY_CFBundleDisplayName = Pose4Me;
				INFOPLIST_KEY_UISupportedInterfaceOrientations = "UIInterfaceOrientationPortrait UIInterfaceOrientationPortraitUpsideDown";
				INFOPLIST_KEY_WKApplication = YES;
				ASSETCATALOG_COMPILER_APPICON_NAME = AppIcon;
				INFOPLIST_KEY_WKCompanionAppBundleIdentifier = "com.browncode.pose4me";
				MARKETING_VERSION = 1.0;
				PRODUCT_BUNDLE_IDENTIFIER = "com.browncode.pose4me.watchkitapp";
				PRODUCT_NAME = Pose4MeWatch;
				SDKROOT = watchos;
				SKIP_INSTALL = YES;
				SWIFT_APPROACHABLE_CONCURRENCY = YES;
				SWIFT_DEFAULT_ACTOR_ISOLATION = MainActor;
				SWIFT_EMIT_LOC_STRINGS = YES;
				SWIFT_VERSION = 5.0;
				TARGETED_DEVICE_FAMILY = 4;
				WATCHOS_DEPLOYMENT_TARGET = 26.2;
			};
			name = Release;
		};
		A11CE7000000000000000208 /* Debug */ = {
			isa = XCBuildConfiguration;
			buildSettings = {
				CODE_SIGN_ENTITLEMENTS = Pose4MeWatchWidget/Pose4MeWatchWidget.entitlements;
				CODE_SIGN_STYLE = Automatic;
				CURRENT_PROJECT_VERSION = 1;
				DEVELOPMENT_TEAM = V9RLAJRWS8;
				GENERATE_INFOPLIST_FILE = YES;
				INFOPLIST_FILE = Pose4MeWatchWidget/Info.plist;
				INFOPLIST_KEY_CFBundleDisplayName = Pose4Me;
				LD_RUNPATH_SEARCH_PATHS = (
					"$(inherited)",
					"@executable_path/Frameworks",
					"@executable_path/../../Frameworks",
				);
				MARKETING_VERSION = 1.0;
				PRODUCT_BUNDLE_IDENTIFIER = "com.browncode.pose4me.watchkitapp.widget";
				PRODUCT_NAME = "$(TARGET_NAME)";
				SDKROOT = watchos;
				SKIP_INSTALL = YES;
				SWIFT_APPROACHABLE_CONCURRENCY = YES;
				SWIFT_DEFAULT_ACTOR_ISOLATION = MainActor;
				SWIFT_EMIT_LOC_STRINGS = YES;
				SWIFT_VERSION = 5.0;
				TARGETED_DEVICE_FAMILY = 4;
				WATCHOS_DEPLOYMENT_TARGET = 26.2;
			};
			name = Debug;
		};
		A11CE7000000000000000209 /* Release */ = {
			isa = XCBuildConfiguration;
			buildSettings = {
				CODE_SIGN_ENTITLEMENTS = Pose4MeWatchWidget/Pose4MeWatchWidget.entitlements;
				CODE_SIGN_STYLE = Automatic;
				CURRENT_PROJECT_VERSION = 1;
				DEVELOPMENT_TEAM = V9RLAJRWS8;
				GENERATE_INFOPLIST_FILE = YES;
				INFOPLIST_FILE = Pose4MeWatchWidget/Info.plist;
				INFOPLIST_KEY_CFBundleDisplayName = Pose4Me;
				LD_RUNPATH_SEARCH_PATHS = (
					"$(inherited)",
					"@executable_path/Frameworks",
					"@executable_path/../../Frameworks",
				);
				MARKETING_VERSION = 1.0;
				PRODUCT_BUNDLE_IDENTIFIER = "com.browncode.pose4me.watchkitapp.widget";
				PRODUCT_NAME = "$(TARGET_NAME)";
				SDKROOT = watchos;
				SKIP_INSTALL = YES;
				SWIFT_APPROACHABLE_CONCURRENCY = YES;
				SWIFT_DEFAULT_ACTOR_ISOLATION = MainActor;
				SWIFT_EMIT_LOC_STRINGS = YES;
				SWIFT_VERSION = 5.0;
				TARGETED_DEVICE_FAMILY = 4;
				WATCHOS_DEPLOYMENT_TARGET = 26.2;
			};
			name = Release;
		};
/* End XCBuildConfiguration section */

/* Begin XCConfigurationList section */
		21324639300880E4003B1979 /* Build configuration list for PBXProject "pose-for-me" */ = {
			isa = XCConfigurationList;
			buildConfigurations = (
				21324647300880E6003B1979 /* Debug */,
				21324648300880E6003B1979 /* Release */,
			);
			defaultConfigurationIsVisible = 0;
			defaultConfigurationName = Release;
		};
		21324649300880E6003B1979 /* Build configuration list for PBXNativeTarget "pose-for-me" */ = {
			isa = XCConfigurationList;
			buildConfigurations = (
				2132464A300880E6003B1979 /* Debug */,
				2132464B300880E6003B1979 /* Release */,
			);
			defaultConfigurationIsVisible = 0;
			defaultConfigurationName = Release;
		};
		7E57AB1E00000000000000A7 /* Build configuration list for PBXNativeTarget "pose-for-meTests" */ = {
			isa = XCConfigurationList;
			buildConfigurations = (
				7E57AB1E00000000000000A8 /* Debug */,
				7E57AB1E00000000000000A9 /* Release */,
			);
			defaultConfigurationIsVisible = 0;
			defaultConfigurationName = Release;
		};
		7E57AB1E00000000000000B7 /* Build configuration list for PBXNativeTarget "pose-for-meUITests" */ = {
			isa = XCConfigurationList;
			buildConfigurations = (
				7E57AB1E00000000000000B8 /* Debug */,
				7E57AB1E00000000000000B9 /* Release */,
			);
			defaultConfigurationIsVisible = 0;
			defaultConfigurationName = Release;
		};
		A11CE7000000000000000007 /* Build configuration list for PBXNativeTarget "Pose4MeWidget" */ = {
			isa = XCConfigurationList;
			buildConfigurations = (
				A11CE7000000000000000008 /* Debug */,
				A11CE7000000000000000009 /* Release */,
			);
			defaultConfigurationIsVisible = 0;
			defaultConfigurationName = Release;
		};
		A11CE7000000000000000107 /* Build configuration list for PBXNativeTarget "Pose4MeWatch" */ = {
			isa = XCConfigurationList;
			buildConfigurations = (
				A11CE7000000000000000108 /* Debug */,
				A11CE7000000000000000109 /* Release */,
			);
			defaultConfigurationIsVisible = 0;
			defaultConfigurationName = Release;
		};
		A11CE7000000000000000207 /* Build configuration list for PBXNativeTarget "Pose4MeWatchWidget" */ = {
			isa = XCConfigurationList;
			buildConfigurations = (
				A11CE7000000000000000208 /* Debug */,
				A11CE7000000000000000209 /* Release */,
			);
			defaultConfigurationIsVisible = 0;
			defaultConfigurationName = Release;
		};
/* End XCConfigurationList section */
	};
	rootObject = 21324636300880E4003B1979 /* Project object */;
}
